
Microsoft Visual Studio Solution File, Format Version 11.00
# Visual Studio 2010
Project("{FAE04EC0-301F-11D3-BF4B-00C04F79EFBC}") = "Bnh", "Bnh\Bnh.csproj", "{5E4395ED-3D78-46B4-AD1F-8E723D00E08A}"
EndProject
Project("{FAE04EC0-301F-11D3-BF4B-00C04F79EFBC}") = "Bnh.Entities", "Bnh.Entities\Bnh.Entities.csproj", "{A383D25F-9AB2-4EA2-B155-C4FB9827E9A5}"
EndProject
Project("{FAE04EC0-301F-11D3-BF4B-00C04F79EFBC}") = "Bnh.WebFramework", "Bnh.WebFramework\Bnh.WebFramework.csproj", "{291A879A-93D4-47A2-9749-BEE9E2A2DD62}"
EndProject
Global
	GlobalSection(SolutionConfigurationPlatforms) = preSolution
		Debug|Any CPU = Debug|Any CPU
		Release|Any CPU = Release|Any CPU
	EndGlobalSection
	GlobalSection(ProjectConfigurationPlatforms) = postSolution
		{5E4395ED-3D78-46B4-AD1F-8E723D00E08A}.Debug|Any CPU.ActiveCfg = Debug|Any CPU
		{5E4395ED-3D78-46B4-AD1F-8E723D00E08A}.Debug|Any CPU.Build.0 = Debug|Any CPU
		{5E4395ED-3D78-46B4-AD1F-8E723D00E08A}.Release|Any CPU.ActiveCfg = Release|Any CPU
		{5E4395ED-3D78-46B4-AD1F-8E723D00E08A}.Release|Any CPU.Build.0 = Release|Any CPU
		{A383D25F-9AB2-4EA2-B155-C4FB9827E9A5}.Debug|Any CPU.ActiveCfg = Debug|Any CPU
		{A383D25F-9AB2-4EA2-B155-C4FB9827E9A5}.Debug|Any CPU.Build.0 = Debug|Any CPU
		{A383D25F-9AB2-4EA2-B155-C4FB9827E9A5}.Release|Any CPU.ActiveCfg = Release|Any CPU
		{A383D25F-9AB2-4EA2-B155-C4FB9827E9A5}.Release|Any CPU.Build.0 = Release|Any CPU
		{291A879A-93D4-47A2-9749-BEE9E2A2DD62}.Debug|Any CPU.ActiveCfg = Debug|Any CPU
		{291A879A-93D4-47A2-9749-BEE9E2A2DD62}.Debug|Any CPU.Build.0 = Debug|Any CPU
		{291A879A-93D4-47A2-9749-BEE9E2A2DD62}.Release|Any CPU.ActiveCfg = Release|Any CPU
		{291A879A-93D4-47A2-9749-BEE9E2A2DD62}.Release|Any CPU.Build.0 = Release|Any CPU
	EndGlobalSection
	GlobalSection(SolutionProperties) = preSolution
		HideSolutionNode = FALSE
	EndGlobalSection
EndGlobal
